// !$*UTF8*$!
{
	archiveVersion = 1;
	classes = {
	};
	objectVersion = 46;
	objects = {

/* Begin PBXBuildFile section */
		5FF6B2111FB2FEBC007BF2AD /* AppDelegate.swift in Sources */ = {isa = PBXBuildFile; fileRef = 5FF6B2101FB2FEBC007BF2AD /* AppDelegate.swift */; };
		5FF6B2131FB2FEBC007BF2AD /* ViewController.swift in Sources */ = {isa = PBXBuildFile; fileRef = 5FF6B2121FB2FEBC007BF2AD /* ViewController.swift */; };
		5FF6B2161FB2FEBC007BF2AD /* Main.storyboard in Resources */ = {isa = PBXBuildFile; fileRef = 5FF6B2141FB2FEBC007BF2AD /* Main.storyboard */; };
		5FF6B2181FB2FEBC007BF2AD /* Assets.xcassets in Resources */ = {isa = PBXBuildFile; fileRef = 5FF6B2171FB2FEBC007BF2AD /* Assets.xcassets */; };
		5FF6B21B1FB2FEBC007BF2AD /* LaunchScreen.storyboard in Resources */ = {isa = PBXBuildFile; fileRef = 5FF6B2191FB2FEBC007BF2AD /* LaunchScreen.storyboard */; };
		5FF6B2231FB30853007BF2AD /* htmlView.html in Resources */ = {isa = PBXBuildFile; fileRef = 5FF6B2221FB30853007BF2AD /* htmlView.html */; };
		5FF6B2271FB30DD4007BF2AD /* WikiView.html in Resources */ = {isa = PBXBuildFile; fileRef = 5FF6B2261FB30DD4007BF2AD /* WikiView.html */; };
/* End PBXBuildFile section */

/* Begin PBXFileReference section */
		5FF6B20D1FB2FEBC007BF2AD /* Web.app */ = {isa = PBXFileReference; explicitFileType = wrapper.application; includeInIndex = 0; path = Web.app; sourceTree = BUILT_PRODUCTS_DIR; };
		5FF6B2101FB2FEBC007BF2AD /* AppDelegate.swift */ = {isa = PBXFileReference; lastKnownFileType = sourcecode.swift; path = AppDelegate.swift; sourceTree = "<group>"; };
		5FF6B2121FB2FEBC007BF2AD /* ViewController.swift */ = {isa = PBXFileReference; lastKnownFileType = sourcecode.swift; path = ViewController.swift; sourceTree = "<group>"; };
		5FF6B2151FB2FEBC007BF2AD /* Base */ = {isa = PBXFileReference; lastKnownFileType = file.storyboard; name = Base; path = Base.lproj/Main.storyboard; sourceTree = "<group>"; };
		5FF6B2171FB2FEBC007BF2AD /* Assets.xcassets */ = {isa = PBXFileReference; lastKnownFileType = folder.assetcatalog; path = Assets.xcassets; sourceTree = "<group>"; };
		5FF6B21A1FB2FEBC007BF2AD /* Base */ = {isa = PBXFileReference; lastKnownFileType = file.storyboard; name = Base; path = Base.lproj/LaunchScreen.storyboard; sourceTree = "<group>"; };
		5FF6B21C1FB2FEBC007BF2AD /* Info.plist */ = {isa = PBXFileReference; lastKnownFileType = text.plist.xml; path = Info.plist; sourceTree = "<group>"; };
		5FF6B2221FB30853007BF2AD /* htmlView.html */ = {isa = PBXFileReference; fileEncoding = 4; lastKnownFileType = text.html; path = htmlView.html; sourceTree = "<group>"; };
		5FF6B2261FB30DD4007BF2AD /* WikiView.html */ = {isa = PBXFileReference; fileEncoding = 4; lastKnownFileType = text.html; name = WikiView.html; path = ../WikiView.html; sourceTree = "<group>"; };
/* End PBXFileReference section */

/* Begin PBXFrameworksBuildPhase section */
		5FF6B20A1FB2FEBC007BF2AD /* Frameworks */ = {
			isa = PBXFrameworksBuildPhase;
			buildActionMask = 2147483647;
			files = (
			);
			runOnlyForDeploymentPostprocessing = 0;
		};
/* End PBXFrameworksBuildPhase section */

/* Begin PBXGroup section */
		5FF6B2041FB2FEBC007BF2AD = {
			isa = PBXGroup;
			children = (
				5FF6B20F1FB2FEBC007BF2AD /* Web */,
				5FF6B20E1FB2FEBC007BF2AD /* Products */,
			);
			sourceTree = "<group>";
		};
		5FF6B20E1FB2FEBC007BF2AD /* Products */ = {
			isa = PBXGroup;
			children = (
				5FF6B20D1FB2FEBC007BF2AD /* Web.app */,
			);
			name = Products;
			sourceTree = "<group>";
		};
		5FF6B20F1FB2FEBC007BF2AD /* Web */ = {
			isa = PBXGroup;
			children = (
				5FF6B2101FB2FEBC007BF2AD /* AppDelegate.swift */,
				5FF6B2121FB2FEBC007BF2AD /* ViewController.swift */,
				5FF6B2141FB2FEBC007BF2AD /* Main.storyboard */,
				5FF6B2171FB2FEBC007BF2AD /* Assets.xcassets */,
				5FF6B2191FB2FEBC007BF2AD /* LaunchScreen.storyboard */,
				5FF6B21C1FB2FEBC007BF2AD /* Info.plist */,
				5FF6B2221FB30853007BF2AD /* htmlView.html */,
				5FF6B2261FB30DD4007BF2AD /* WikiView.html */,
			);
			path = Web;
			sourceTree = "<group>";
		};
/* End PBXGroup section */

/* Begin PBXNativeTarget section */
		5FF6B20C1FB2FEBC007BF2AD /* Web */ = {
			isa = PBXNativeTarget;
			buildConfigurationList = 5FF6B21F1FB2FEBC007BF2AD /* Build configuration list for PBXNativeTarget "Web" */;
			buildPhases = (
				5FF6B2091FB2FEBC007BF2AD /* Sources */,
				5FF6B20A1FB2FEBC007BF2AD /* Frameworks */,
				5FF6B20B1FB2FEBC007BF2AD /* Resources */,
			);
			buildRules = (
			);
			dependencies = (
			);
			name = Web;
			productName = Web;
			productReference = 5FF6B20D1FB2FEBC007BF2AD /* Web.app */;
			productType = "com.apple.product-type.application";
		};
/* End PBXNativeTarget section */

/* Begin PBXProject section */
		5FF6B2051FB2FEBC007BF2AD /* Project object */ = {
			isa = PBXProject;
			attributes = {
				LastSwiftUpdateCheck = 0810;
				LastUpgradeCheck = 0810;
				ORGANIZATIONNAME = JinukHA;
				TargetAttributes = {
					5FF6B20C1FB2FEBC007BF2AD = {
						CreatedOnToolsVersion = 8.1;
						ProvisioningStyle = Automatic;
					};
				};
			};
			buildConfigurationList = 5FF6B2081FB2FEBC007BF2AD /* Build configuration list for PBXProject "Web" */;
			compatibilityVersion = "Xcode 3.2";
			developmentRegion = English;
			hasScannedForEncodings = 0;
			knownRegions = (
				en,
				Base,
			);
			mainGroup = 5FF6B2041FB2FEBC007BF2AD;
			productRefGroup = 5FF6B20E1FB2FEBC007BF2AD /* Products */;
			projectDirPath = "";
			projectRoot = "";
			targets = (
				5FF6B20C1FB2FEBC007BF2AD /* Web */,
			);
		};
/* End PBXProject section */

/* Begin PBXResourcesBuildPhase section */
		5FF6B20B1FB2FEBC007BF2AD /* Resources */ = {
			isa = PBXResourcesBuildPhase;
			buildActionMask = 2147483647;
			files = (
				5FF6B2231FB30853007BF2AD /* htmlView.html in Resources */,
				5FF6B21B1FB2FEBC007BF2AD /* LaunchScreen.storyboard in Resources */,
				5FF6B2271FB30DD4007BF2AD /* WikiView.html in Resources */,
				5FF6B2181FB2FEBC007BF2AD /* Assets.xcassets in Resources */,
				5FF6B2161FB2FEBC007BF2AD /* Main.storyboard in Resources */,
			);
			runOnlyForDeploymentPostprocessing = 0;
		};
/* End PBXResourcesBuildPhase section */

/* Begin PBXSourcesBuildPhase section */
		5FF6B2091FB2FEBC007BF2AD /* Sources */ = {
			isa = PBXSourcesBuildPhase;
			buildActionMask = 2147483647;
			files = (
				5FF6B2131FB2FEBC007BF2AD /* ViewController.swift in Sources */,
				5FF6B2111FB2FEBC007BF2AD /* AppDelegate.swift in Sources */,
			);
			runOnlyForDeploymentPostprocessing = 0;
		};
/* End PBXSourcesBuildPhase section */

/* Begin PBXVariantGroup section */
		5FF6B2141FB2FEBC007BF2AD /* Main.storyboard */ = {
			isa = PBXVariantGroup;
			children = (
				5FF6B2151FB2FEBC007BF2AD /* Base */,
			);
			name = Main.storyboard;
			sourceTree = "<group>";
		};
		5FF6B2191FB2FEBC007BF2AD /* LaunchScreen.storyboard */ = {
			isa = PBXVariantGroup;
			children = (
				5FF6B21A1FB2FEBC007BF2AD /* Base */,
			);
			name = LaunchScreen.storyboard;
			sourceTree = "<group>";
		};
/* End PBXVariantGroup section */

/* Begin XCBuildConfiguration section */
		5FF6B21D1FB2FEBC007BF2AD /* Debug */ = {
			isa = XCBuildConfiguration;
			buildSettings = {
				ALWAYS_SEARCH_USER_PATHS = NO;
				CLANG_ANALYZER_NONNULL = YES;
				CLANG_CXX_LANGUAGE_STANDARD = "gnu++0x";
				CLANG_CXX_LIBRARY = "libc++";
				CLANG_ENABLE_MODULES = YES;
				CLANG_ENABLE_OBJC_ARC = YES;
				CLANG_WARN_BOOL_CONVERSION = YES;
				CLANG_WARN_CONSTANT_CONVERSION = YES;
				CLANG_WARN_DIRECT_OBJC_ISA_USAGE = YES_ERROR;
				CLANG_WARN_DOCUMENTATION_COMMENTS = YES;
				CLANG_WARN_EMPTY_BODY = YES;
				CLANG_WARN_ENUM_CONVERSION = YES;
				CLANG_WARN_INFINITE_RECURSION = YES;
				CLANG_WARN_INT_CONVERSION = YES;
				CLANG_WARN_OBJC_ROOT_CLASS = YES_ERROR;
				CLANG_WARN_SUSPICIOUS_MOVES = YES;
				CLANG_WARN_UNREACHABLE_CODE = YES;
				CLANG_WARN__DUPLICATE_METHOD_MATCH = YES;
				"CODE_SIGN_IDENTITY[sdk=iphoneos*]" = "iPhone Developer";
				COPY_PHASE_STRIP = NO;
				DEBUG_INFORMATION_FORMAT = dwarf;
				ENABLE_STRICT_OBJC_MSGSEND = YES;
				ENABLE_TESTABILITY = YES;
				GCC_C_LANGUAGE_STANDARD = gnu99;
				GCC_DYNAMIC_NO_PIC = NO;
				GCC_NO_COMMON_BLOCKS = YES;
				GCC_OPTIMIZATION_LEVEL = 0;
				GCC_PREPROCESSOR_DEFINITIONS = (
					"DEBUG=1",
					"$(inherited)",
				);
				GCC_WARN_64_TO_32_BIT_CONVERSION = YES;
				GCC_WARN_ABOUT_RETURN_TYPE = YES_ERROR;
				GCC_WARN_UNDECLARED_SELECTOR = YES;
				GCC_WARN_UNINITIALIZED_AUTOS = YES_AGGRESSIVE;
				GCC_WARN_UNUSED_FUNCTION = YES;
				GCC_WARN_UNUSED_VARIABLE = YES;
				IPHONEOS_DEPLOYMENT_TARGET = 10.1;
				MTL_ENABLE_DEBUG_INFO = YES;
				ONLY_ACTIVE_ARCH = YES;
				SDKROOT = iphoneos;
				SWIFT_ACTIVE_COMPILATION_CONDITIONS = DEBUG;
				SWIFT_OPTIMIZATION_LEVEL = "-Onone";
			};
			name = Debug;
		};
		5FF6B21E1FB2FEBC007BF2AD /* Release */ = {
			isa = XCBuildConfiguration;
			buildSettings = {
				ALWAYS_SEARCH_USER_PATHS = NO;
				CLANG_ANALYZER_NONNULL = YES;
				CLANG_CXX_LANGUAGE_STANDARD = "gnu++0x";
				CLANG_CXX_LIBRARY = "libc++";
				CLANG_ENABLE_MODULES = YES;
				CLANG_ENABLE_OBJC_ARC = YES;
				CLANG_WARN_BOOL_CONVERSION = YES;
				CLANG_WARN_CONSTANT_CONVERSION = YES;
				CLANG_WARN_DIRECT_OBJC_ISA_USAGE = YES_ERROR;
				CLANG_WARN_DOCUMENTATION_COMMENTS = YES;
				CLANG_WARN_EMPTY_BODY = YES;
				CLANG_WARN_ENUM_CONVERSION = YES;
				CLANG_WARN_INFINITE_RECURSION = YES;
				CLANG_WARN_INT_CONVERSION = YES;
				CLANG_WARN_OBJC_ROOT_CLASS = YES_ERROR;
				CLANG_WARN_SUSPICIOUS_MOVES = YES;
				CLANG_WARN_UNREACHABLE_CODE = YES;
				CLANG_WARN__DUPLICATE_METHOD_MATCH = YES;
				"CODE_SIGN_IDENTITY[sdk=iphoneos*]" = "iPhone Developer";
				COPY_PHASE_STRIP = NO;
				DEBUG_INFORMATION_FORMAT = "dwarf-with-dsym";
				ENABLE_NS_ASSERTIONS = NO;
				ENABLE_STRICT_OBJC_MSGSEND = YES;
				GCC_C_LANGUAGE_STANDARD = gnu99;
				GCC_NO_COMMON_BLOCKS = YES;
				GCC_WARN_64_TO_32_BIT_CONVERSION = YES;
				GCC_WARN_ABOUT_RETURN_TYPE = YES_ERROR;
				GCC_WARN_UNDECLARED_SELECTOR = YES;
				GCC_WARN_UNINITIALIZED_AUTOS = YES_AGGRESSIVE;
				GCC_WARN_UNUSED_FUNCTION = YES;
				GCC_WARN_UNUSED_VARIABLE = YES;
				IPHONEOS_DEPLOYMENT_TARGET = 10.1;
				MTL_ENABLE_DEBUG_INFO = NO;
				SDKROOT = iphoneos;
				SWIFT_OPTIMIZATION_LEVEL = "-Owholemodule";
				VALIDATE_PRODUCT = YES;
			};
			name = Release;
		};
		5FF6B2201FB2FEBC007BF2AD /* Debug */ = {
			isa = XCBuildConfiguration;
			buildSettings = {
				ASSETCATALOG_COMPILER_APPICON_NAME = AppIcon;
				INFOPLIST_FILE = Web/Info.plist;
				LD_RUNPATH_SEARCH_PATHS = "$(inherited) @executable_path/Frameworks";
				PRODUCT_BUNDLE_IDENTIFIER = inhatc.Web;
				PRODUCT_NAME = "$(TARGET_NAME)";
				SWIFT_VERSION = 3.0;
			};
			name = Debug;
		};
		5FF6B2211FB2FEBC007BF2AD /* Release */ = {
			isa = XCBuildConfiguration;
			buildSettings = {
				ASSETCATALOG_COMPILER_APPICON_NAME = AppIcon;
				INFOPLIST_FILE = Web/Info.plist;
				LD_RUNPATH_SEARCH_PATHS = "$(inherited) @executable_path/Frameworks";
				PRODUCT_BUNDLE_IDENTIFIER = inhatc.Web;
				PRODUCT_NAME = "$(TARGET_NAME)";
				SWIFT_VERSION = 3.0;
			};
			name = Release;
		};
/* End XCBuildConfiguration section */

/* Begin XCConfigurationList section */
		5FF6B2081FB2FEBC007BF2AD /* Build configuration list for PBXProject "Web" */ = {
			isa = XCConfigurationList;
			buildConfigurations = (
				5FF6B21D1FB2FEBC007BF2AD /* Debug */,
				5FF6B21E1FB2FEBC007BF2AD /* Release */,
			);
			defaultConfigurationIsVisible = 0;
			defaultConfigurationName = Release;
		};
		5FF6B21F1FB2FEBC007BF2AD /* Build configuration list for PBXNativeTarget "Web" */ = {
			isa = XCConfigurationList;
			buildConfigurations = (
				5FF6B2201FB2FEBC007BF2AD /* Debug */,
				5FF6B2211FB2FEBC007BF2AD /* Release */,
			);
			defaultConfigurationIsVisible = 0;
		};
/* End XCConfigurationList section */
	};
	rootObject = 5FF6B2051FB2FEBC007BF2AD /* Project object */;
}
