// !$*UTF8*$!
{
	archiveVersion = 1;
	classes = {
	};
	objectVersion = 46;
	objects = {

/* Begin PBXBuildFile section */
		5FB7588C1FC57A20009FB01A /* AppDelegate.swift in Sources */ = {isa = PBXBuildFile; fileRef = 5FB7588B1FC57A20009FB01A /* AppDelegate.swift */; };
		5FB7588E1FC57A20009FB01A /* ViewController.swift in Sources */ = {isa = PBXBuildFile; fileRef = 5FB7588D1FC57A20009FB01A /* ViewController.swift */; };
		5FB758911FC57A20009FB01A /* Main.storyboard in Resources */ = {isa = PBXBuildFile; fileRef = 5FB7588F1FC57A20009FB01A /* Main.storyboard */; };
		5FB758931FC57A20009FB01A /* Assets.xcassets in Resources */ = {isa = PBXBuildFile; fileRef = 5FB758921FC57A20009FB01A /* Assets.xcassets */; };
		5FB758961FC57A20009FB01A /* LaunchScreen.storyboard in Resources */ = {isa = PBXBuildFile; fileRef = 5FB758941FC57A20009FB01A /* LaunchScreen.storyboard */; };
		5FB7589F1FC57CC0009FB01A /* lamp_off.png in Resources */ = {isa = PBXBuildFile; fileRef = 5FB7589D1FC57CC0009FB01A /* lamp_off.png */; };
		5FB758A01FC57CC0009FB01A /* lamp_on.png in Resources */ = {isa = PBXBuildFile; fileRef = 5FB7589E1FC57CC0009FB01A /* lamp_on.png */; };
/* End PBXBuildFile section */

/* Begin PBXFileReference section */
		5FB758881FC57A20009FB01A /* ImageView.app */ = {isa = PBXFileReference; explicitFileType = wrapper.application; includeInIndex = 0; path = ImageView.app; sourceTree = BUILT_PRODUCTS_DIR; };
		5FB7588B1FC57A20009FB01A /* AppDelegate.swift */ = {isa = PBXFileReference; lastKnownFileType = sourcecode.swift; path = AppDelegate.swift; sourceTree = "<group>"; };
		5FB7588D1FC57A20009FB01A /* ViewController.swift */ = {isa = PBXFileReference; lastKnownFileType = sourcecode.swift; path = ViewController.swift; sourceTree = "<group>"; };
		5FB758901FC57A20009FB01A /* Base */ = {isa = PBXFileReference; lastKnownFileType = file.storyboard; name = Base; path = Base.lproj/Main.storyboard; sourceTree = "<group>"; };
		5FB758921FC57A20009FB01A /* Assets.xcassets */ = {isa = PBXFileReference; lastKnownFileType = folder.assetcatalog; path = Assets.xcassets; sourceTree = "<group>"; };
		5FB758951FC57A20009FB01A /* Base */ = {isa = PBXFileReference; lastKnownFileType = file.storyboard; name = Base; path = Base.lproj/LaunchScreen.storyboard; sourceTree = "<group>"; };
		5FB758971FC57A20009FB01A /* Info.plist */ = {isa = PBXFileReference; lastKnownFileType = text.plist.xml; path = Info.plist; sourceTree = "<group>"; };
		5FB7589D1FC57CC0009FB01A /* lamp_off.png */ = {isa = PBXFileReference; lastKnownFileType = image.png; path = lamp_off.png; sourceTree = "<group>"; };
		5FB7589E1FC57CC0009FB01A /* lamp_on.png */ = {isa = PBXFileReference; lastKnownFileType = image.png; path = lamp_on.png; sourceTree = "<group>"; };
/* End PBXFileReference section */

/* Begin PBXFrameworksBuildPhase section */
		5FB758851FC57A20009FB01A /* Frameworks */ = {
			isa = PBXFrameworksBuildPhase;
			buildActionMask = 2147483647;
			files = (
			);
			runOnlyForDeploymentPostprocessing = 0;
		};
/* End PBXFrameworksBuildPhase section */

/* Begin PBXGroup section */
		5FB7587F1FC57A20009FB01A = {
			isa = PBXGroup;
			children = (
				5FB7588A1FC57A20009FB01A /* ImageView */,
				5FB758891FC57A20009FB01A /* Products */,
			);
			sourceTree = "<group>";
		};
		5FB758891FC57A20009FB01A /* Products */ = {
			isa = PBXGroup;
			children = (
				5FB758881FC57A20009FB01A /* ImageView.app */,
			);
			name = Products;
			sourceTree = "<group>";
		};
		5FB7588A1FC57A20009FB01A /* ImageView */ = {
			isa = PBXGroup;
			children = (
				5FB7589D1FC57CC0009FB01A /* lamp_off.png */,
				5FB7589E1FC57CC0009FB01A /* lamp_on.png */,
				5FB7588B1FC57A20009FB01A /* AppDelegate.swift */,
				5FB7588D1FC57A20009FB01A /* ViewController.swift */,
				5FB7588F1FC57A20009FB01A /* Main.storyboard */,
				5FB758921FC57A20009FB01A /* Assets.xcassets */,
				5FB758941FC57A20009FB01A /* LaunchScreen.storyboard */,
				5FB758971FC57A20009FB01A /* Info.plist */,
			);
			path = ImageView;
			sourceTree = "<group>";
		};
/* End PBXGroup section */

/* Begin PBXNativeTarget section */
		5FB758871FC57A20009FB01A /* ImageView */ = {
			isa = PBXNativeTarget;
			buildConfigurationList = 5FB7589A1FC57A20009FB01A /* Build configuration list for PBXNativeTarget "ImageView" */;
			buildPhases = (
				5FB758841FC57A20009FB01A /* Sources */,
				5FB758851FC57A20009FB01A /* Frameworks */,
				5FB758861FC57A20009FB01A /* Resources */,
			);
			buildRules = (
			);
			dependencies = (
			);
			name = ImageView;
			productName = ImageView;
			productReference = 5FB758881FC57A20009FB01A /* ImageView.app */;
			productType = "com.apple.product-type.application";
		};
/* End PBXNativeTarget section */

/* Begin PBXProject section */
		5FB758801FC57A20009FB01A /* Project object */ = {
			isa = PBXProject;
			attributes = {
				LastSwiftUpdateCheck = 0810;
				LastUpgradeCheck = 0810;
				ORGANIZATIONNAME = JinukHA;
				TargetAttributes = {
					5FB758871FC57A20009FB01A = {
						CreatedOnToolsVersion = 8.1;
						ProvisioningStyle = Automatic;
					};
				};
			};
			buildConfigurationList = 5FB758831FC57A20009FB01A /* Build configuration list for PBXProject "ImageView" */;
			compatibilityVersion = "Xcode 3.2";
			developmentRegion = English;
			hasScannedForEncodings = 0;
			knownRegions = (
				en,
				Base,
			);
			mainGroup = 5FB7587F1FC57A20009FB01A;
			productRefGroup = 5FB758891FC57A20009FB01A /* Products */;
			projectDirPath = "";
			projectRoot = "";
			targets = (
				5FB758871FC57A20009FB01A /* ImageView */,
			);
		};
/* End PBXProject section */

/* Begin PBXResourcesBuildPhase section */
		5FB758861FC57A20009FB01A /* Resources */ = {
			isa = PBXResourcesBuildPhase;
			buildActionMask = 2147483647;
			files = (
				5FB758961FC57A20009FB01A /* LaunchScreen.storyboard in Resources */,
				5FB758931FC57A20009FB01A /* Assets.xcassets in Resources */,
				5FB758A01FC57CC0009FB01A /* lamp_on.png in Resources */,
				5FB758911FC57A20009FB01A /* Main.storyboard in Resources */,
				5FB7589F1FC57CC0009FB01A /* lamp_off.png in Resources */,
			);
			runOnlyForDeploymentPostprocessing = 0;
		};
/* End PBXResourcesBuildPhase section */

/* Begin PBXSourcesBuildPhase section */
		5FB758841FC57A20009FB01A /* Sources */ = {
			isa = PBXSourcesBuildPhase;
			buildActionMask = 2147483647;
			files = (
				5FB7588E1FC57A20009FB01A /* ViewController.swift in Sources */,
				5FB7588C1FC57A20009FB01A /* AppDelegate.swift in Sources */,
			);
			runOnlyForDeploymentPostprocessing = 0;
		};
/* End PBXSourcesBuildPhase section */

/* Begin PBXVariantGroup section */
		5FB7588F1FC57A20009FB01A /* Main.storyboard */ = {
			isa = PBXVariantGroup;
			children = (
				5FB758901FC57A20009FB01A /* Base */,
			);
			name = Main.storyboard;
			sourceTree = "<group>";
		};
		5FB758941FC57A20009FB01A /* LaunchScreen.storyboard */ = {
			isa = PBXVariantGroup;
			children = (
				5FB758951FC57A20009FB01A /* Base */,
			);
			name = LaunchScreen.storyboard;
			sourceTree = "<group>";
		};
/* End PBXVariantGroup section */

/* Begin XCBuildConfiguration section */
		5FB758981FC57A20009FB01A /* Debug */ = {
			isa = XCBuildConfiguration;
			buildSettings = {
				ALWAYS_SEARCH_USER_PATHS = NO;
				CLANG_ANALYZER_NONNULL = YES;
				CLANG_CXX_LANGUAGE_STANDARD = "gnu++0x";
				CLANG_CXX_LIBRARY = "libc++";
				CLANG_ENABLE_MODULES = YES;
				CLANG_ENABLE_OBJC_ARC = YES;
				CLANG_WARN_BOOL_CONVERSION = YES;
				CLANG_WARN_CONSTANT_CONVERSION = YES;
				CLANG_WARN_DIRECT_OBJC_ISA_USAGE = YES_ERROR;
				CLANG_WARN_DOCUMENTATION_COMMENTS = YES;
				CLANG_WARN_EMPTY_BODY = YES;
				CLANG_WARN_ENUM_CONVERSION = YES;
				CLANG_WARN_INFINITE_RECURSION = YES;
				CLANG_WARN_INT_CONVERSION = YES;
				CLANG_WARN_OBJC_ROOT_CLASS = YES_ERROR;
				CLANG_WARN_SUSPICIOUS_MOVES = YES;
				CLANG_WARN_UNREACHABLE_CODE = YES;
				CLANG_WARN__DUPLICATE_METHOD_MATCH = YES;
				"CODE_SIGN_IDENTITY[sdk=iphoneos*]" = "iPhone Developer";
				COPY_PHASE_STRIP = NO;
				DEBUG_INFORMATION_FORMAT = dwarf;
				ENABLE_STRICT_OBJC_MSGSEND = YES;
				ENABLE_TESTABILITY = YES;
				GCC_C_LANGUAGE_STANDARD = gnu99;
				GCC_DYNAMIC_NO_PIC = NO;
				GCC_NO_COMMON_BLOCKS = YES;
				GCC_OPTIMIZATION_LEVEL = 0;
				GCC_PREPROCESSOR_DEFINITIONS = (
					"DEBUG=1",
					"$(inherited)",
				);
				GCC_WARN_64_TO_32_BIT_CONVERSION = YES;
				GCC_WARN_ABOUT_RETURN_TYPE = YES_ERROR;
				GCC_WARN_UNDECLARED_SELECTOR = YES;
				GCC_WARN_UNINITIALIZED_AUTOS = YES_AGGRESSIVE;
				GCC_WARN_UNUSED_FUNCTION = YES;
				GCC_WARN_UNUSED_VARIABLE = YES;
				IPHONEOS_DEPLOYMENT_TARGET = 10.1;
				MTL_ENABLE_DEBUG_INFO = YES;
				ONLY_ACTIVE_ARCH = YES;
				SDKROOT = iphoneos;
				SWIFT_ACTIVE_COMPILATION_CONDITIONS = DEBUG;
				SWIFT_OPTIMIZATION_LEVEL = "-Onone";
			};
			name = Debug;
		};
		5FB758991FC57A20009FB01A /* Release */ = {
			isa = XCBuildConfiguration;
			buildSettings = {
				ALWAYS_SEARCH_USER_PATHS = NO;
				CLANG_ANALYZER_NONNULL = YES;
				CLANG_CXX_LANGUAGE_STANDARD = "gnu++0x";
				CLANG_CXX_LIBRARY = "libc++";
				CLANG_ENABLE_MODULES = YES;
				CLANG_ENABLE_OBJC_ARC = YES;
				CLANG_WARN_BOOL_CONVERSION = YES;
				CLANG_WARN_CONSTANT_CONVERSION = YES;
				CLANG_WARN_DIRECT_OBJC_ISA_USAGE = YES_ERROR;
				CLANG_WARN_DOCUMENTATION_COMMENTS = YES;
				CLANG_WARN_EMPTY_BODY = YES;
				CLANG_WARN_ENUM_CONVERSION = YES;
				CLANG_WARN_INFINITE_RECURSION = YES;
				CLANG_WARN_INT_CONVERSION = YES;
				CLANG_WARN_OBJC_ROOT_CLASS = YES_ERROR;
				CLANG_WARN_SUSPICIOUS_MOVES = YES;
				CLANG_WARN_UNREACHABLE_CODE = YES;
				CLANG_WARN__DUPLICATE_METHOD_MATCH = YES;
				"CODE_SIGN_IDENTITY[sdk=iphoneos*]" = "iPhone Developer";
				COPY_PHASE_STRIP = NO;
				DEBUG_INFORMATION_FORMAT = "dwarf-with-dsym";
				ENABLE_NS_ASSERTIONS = NO;
				ENABLE_STRICT_OBJC_MSGSEND = YES;
				GCC_C_LANGUAGE_STANDARD = gnu99;
				GCC_NO_COMMON_BLOCKS = YES;
				GCC_WARN_64_TO_32_BIT_CONVERSION = YES;
				GCC_WARN_ABOUT_RETURN_TYPE = YES_ERROR;
				GCC_WARN_UNDECLARED_SELECTOR = YES;
				GCC_WARN_UNINITIALIZED_AUTOS = YES_AGGRESSIVE;
				GCC_WARN_UNUSED_FUNCTION = YES;
				GCC_WARN_UNUSED_VARIABLE = YES;
				IPHONEOS_DEPLOYMENT_TARGET = 10.1;
				MTL_ENABLE_DEBUG_INFO = NO;
				SDKROOT = iphoneos;
				SWIFT_OPTIMIZATION_LEVEL = "-Owholemodule";
				VALIDATE_PRODUCT = YES;
			};
			name = Release;
		};
		5FB7589B1FC57A20009FB01A /* Debug */ = {
			isa = XCBuildConfiguration;
			buildSettings = {
				ASSETCATALOG_COMPILER_APPICON_NAME = AppIcon;
				INFOPLIST_FILE = ImageView/Info.plist;
				LD_RUNPATH_SEARCH_PATHS = "$(inherited) @executable_path/Frameworks";
				PRODUCT_BUNDLE_IDENTIFIER = inhatc.ImageView;
				PRODUCT_NAME = "$(TARGET_NAME)";
				SWIFT_VERSION = 3.0;
			};
			name = Debug;
		};
		5FB7589C1FC57A20009FB01A /* Release */ = {
			isa = XCBuildConfiguration;
			buildSettings = {
				ASSETCATALOG_COMPILER_APPICON_NAME = AppIcon;
				INFOPLIST_FILE = ImageView/Info.plist;
				LD_RUNPATH_SEARCH_PATHS = "$(inherited) @executable_path/Frameworks";
				PRODUCT_BUNDLE_IDENTIFIER = inhatc.ImageView;
				PRODUCT_NAME = "$(TARGET_NAME)";
				SWIFT_VERSION = 3.0;
			};
			name = Release;
		};
/* End XCBuildConfiguration section */

/* Begin XCConfigurationList section */
		5FB758831FC57A20009FB01A /* Build configuration list for PBXProject "ImageView" */ = {
			isa = XCConfigurationList;
			buildConfigurations = (
				5FB758981FC57A20009FB01A /* Debug */,
				5FB758991FC57A20009FB01A /* Release */,
			);
			defaultConfigurationIsVisible = 0;
			defaultConfigurationName = Release;
		};
		5FB7589A1FC57A20009FB01A /* Build configuration list for PBXNativeTarget "ImageView" */ = {
			isa = XCConfigurationList;
			buildConfigurations = (
				5FB7589B1FC57A20009FB01A /* Debug */,
				5FB7589C1FC57A20009FB01A /* Release */,
			);
			defaultConfigurationIsVisible = 0;
		};
/* End XCConfigurationList section */
	};
	rootObject = 5FB758801FC57A20009FB01A /* Project object */;
}
