// !$*UTF8*$!
{
	archiveVersion = 1;
	classes = {
	};
	objectVersion = 46;
	objects = {

/* Begin PBXBuildFile section */
		5FFC2CBE1FA086C00019122F /* AppDelegate.swift in Sources */ = {isa = PBXBuildFile; fileRef = 5FFC2CBD1FA086C00019122F /* AppDelegate.swift */; };
		5FFC2CC01FA086C00019122F /* ViewController.swift in Sources */ = {isa = PBXBuildFile; fileRef = 5FFC2CBF1FA086C00019122F /* ViewController.swift */; };
		5FFC2CC31FA086C00019122F /* Main.storyboard in Resources */ = {isa = PBXBuildFile; fileRef = 5FFC2CC11FA086C00019122F /* Main.storyboard */; };
		5FFC2CC51FA086C00019122F /* Assets.xcassets in Resources */ = {isa = PBXBuildFile; fileRef = 5FFC2CC41FA086C00019122F /* Assets.xcassets */; };
		5FFC2CC81FA086C00019122F /* LaunchScreen.storyboard in Resources */ = {isa = PBXBuildFile; fileRef = 5FFC2CC61FA086C00019122F /* LaunchScreen.storyboard */; };
		5FFC2CD71FA087AD0019122F /* 06.png in Resources */ = {isa = PBXBuildFile; fileRef = 5FFC2CD11FA087AD0019122F /* 06.png */; };
		5FFC2CD81FA087AD0019122F /* 05.png in Resources */ = {isa = PBXBuildFile; fileRef = 5FFC2CD21FA087AD0019122F /* 05.png */; };
		5FFC2CD91FA087AD0019122F /* 04.png in Resources */ = {isa = PBXBuildFile; fileRef = 5FFC2CD31FA087AD0019122F /* 04.png */; };
		5FFC2CDA1FA087AD0019122F /* 03.png in Resources */ = {isa = PBXBuildFile; fileRef = 5FFC2CD41FA087AD0019122F /* 03.png */; };
		5FFC2CDB1FA087AD0019122F /* 02.png in Resources */ = {isa = PBXBuildFile; fileRef = 5FFC2CD51FA087AD0019122F /* 02.png */; };
		5FFC2CDC1FA087AD0019122F /* 01.png in Resources */ = {isa = PBXBuildFile; fileRef = 5FFC2CD61FA087AD0019122F /* 01.png */; };
/* End PBXBuildFile section */

/* Begin PBXFileReference section */
		5FFC2CBA1FA086C00019122F /* PageControl.app */ = {isa = PBXFileReference; explicitFileType = wrapper.application; includeInIndex = 0; path = PageControl.app; sourceTree = BUILT_PRODUCTS_DIR; };
		5FFC2CBD1FA086C00019122F /* AppDelegate.swift */ = {isa = PBXFileReference; lastKnownFileType = sourcecode.swift; path = AppDelegate.swift; sourceTree = "<group>"; };
		5FFC2CBF1FA086C00019122F /* ViewController.swift */ = {isa = PBXFileReference; lastKnownFileType = sourcecode.swift; path = ViewController.swift; sourceTree = "<group>"; };
		5FFC2CC21FA086C00019122F /* Base */ = {isa = PBXFileReference; lastKnownFileType = file.storyboard; name = Base; path = Base.lproj/Main.storyboard; sourceTree = "<group>"; };
		5FFC2CC41FA086C00019122F /* Assets.xcassets */ = {isa = PBXFileReference; lastKnownFileType = folder.assetcatalog; path = Assets.xcassets; sourceTree = "<group>"; };
		5FFC2CC71FA086C00019122F /* Base */ = {isa = PBXFileReference; lastKnownFileType = file.storyboard; name = Base; path = Base.lproj/LaunchScreen.storyboard; sourceTree = "<group>"; };
		5FFC2CC91FA086C00019122F /* Info.plist */ = {isa = PBXFileReference; lastKnownFileType = text.plist.xml; path = Info.plist; sourceTree = "<group>"; };
		5FFC2CD11FA087AD0019122F /* 06.png */ = {isa = PBXFileReference; lastKnownFileType = image.png; path = 06.png; sourceTree = "<group>"; };
		5FFC2CD21FA087AD0019122F /* 05.png */ = {isa = PBXFileReference; lastKnownFileType = image.png; path = 05.png; sourceTree = "<group>"; };
		5FFC2CD31FA087AD0019122F /* 04.png */ = {isa = PBXFileReference; lastKnownFileType = image.png; path = 04.png; sourceTree = "<group>"; };
		5FFC2CD41FA087AD0019122F /* 03.png */ = {isa = PBXFileReference; lastKnownFileType = image.png; path = 03.png; sourceTree = "<group>"; };
		5FFC2CD51FA087AD0019122F /* 02.png */ = {isa = PBXFileReference; lastKnownFileType = image.png; path = 02.png; sourceTree = "<group>"; };
		5FFC2CD61FA087AD0019122F /* 01.png */ = {isa = PBXFileReference; lastKnownFileType = image.png; path = 01.png; sourceTree = "<group>"; };
/* End PBXFileReference section */

/* Begin PBXFrameworksBuildPhase section */
		5FFC2CB71FA086BF0019122F /* Frameworks */ = {
			isa = PBXFrameworksBuildPhase;
			buildActionMask = 2147483647;
			files = (
			);
			runOnlyForDeploymentPostprocessing = 0;
		};
/* End PBXFrameworksBuildPhase section */

/* Begin PBXGroup section */
		5FFC2CB11FA086BF0019122F = {
			isa = PBXGroup;
			children = (
				5FFC2CBC1FA086C00019122F /* PageControl */,
				5FFC2CBB1FA086C00019122F /* Products */,
			);
			sourceTree = "<group>";
		};
		5FFC2CBB1FA086C00019122F /* Products */ = {
			isa = PBXGroup;
			children = (
				5FFC2CBA1FA086C00019122F /* PageControl.app */,
			);
			name = Products;
			sourceTree = "<group>";
		};
		5FFC2CBC1FA086C00019122F /* PageControl */ = {
			isa = PBXGroup;
			children = (
				5FFC2CD01FA087970019122F /* images */,
				5FFC2CBD1FA086C00019122F /* AppDelegate.swift */,
				5FFC2CBF1FA086C00019122F /* ViewController.swift */,
				5FFC2CC11FA086C00019122F /* Main.storyboard */,
				5FFC2CC41FA086C00019122F /* Assets.xcassets */,
				5FFC2CC61FA086C00019122F /* LaunchScreen.storyboard */,
				5FFC2CC91FA086C00019122F /* Info.plist */,
			);
			path = PageControl;
			sourceTree = "<group>";
		};
		5FFC2CD01FA087970019122F /* images */ = {
			isa = PBXGroup;
			children = (
				5FFC2CD11FA087AD0019122F /* 06.png */,
				5FFC2CD21FA087AD0019122F /* 05.png */,
				5FFC2CD31FA087AD0019122F /* 04.png */,
				5FFC2CD41FA087AD0019122F /* 03.png */,
				5FFC2CD51FA087AD0019122F /* 02.png */,
				5FFC2CD61FA087AD0019122F /* 01.png */,
			);
			name = images;
			sourceTree = "<group>";
		};
/* End PBXGroup section */

/* Begin PBXNativeTarget section */
		5FFC2CB91FA086BF0019122F /* PageControl */ = {
			isa = PBXNativeTarget;
			buildConfigurationList = 5FFC2CCC1FA086C00019122F /* Build configuration list for PBXNativeTarget "PageControl" */;
			buildPhases = (
				5FFC2CB61FA086BF0019122F /* Sources */,
				5FFC2CB71FA086BF0019122F /* Frameworks */,
				5FFC2CB81FA086BF0019122F /* Resources */,
			);
			buildRules = (
			);
			dependencies = (
			);
			name = PageControl;
			productName = PageControl;
			productReference = 5FFC2CBA1FA086C00019122F /* PageControl.app */;
			productType = "com.apple.product-type.application";
		};
/* End PBXNativeTarget section */

/* Begin PBXProject section */
		5FFC2CB21FA086BF0019122F /* Project object */ = {
			isa = PBXProject;
			attributes = {
				LastSwiftUpdateCheck = 0810;
				LastUpgradeCheck = 0810;
				ORGANIZATIONNAME = Jinuk_HA;
				TargetAttributes = {
					5FFC2CB91FA086BF0019122F = {
						CreatedOnToolsVersion = 8.1;
						ProvisioningStyle = Automatic;
					};
				};
			};
			buildConfigurationList = 5FFC2CB51FA086BF0019122F /* Build configuration list for PBXProject "PageControl" */;
			compatibilityVersion = "Xcode 3.2";
			developmentRegion = English;
			hasScannedForEncodings = 0;
			knownRegions = (
				en,
				Base,
			);
			mainGroup = 5FFC2CB11FA086BF0019122F;
			productRefGroup = 5FFC2CBB1FA086C00019122F /* Products */;
			projectDirPath = "";
			projectRoot = "";
			targets = (
				5FFC2CB91FA086BF0019122F /* PageControl */,
			);
		};
/* End PBXProject section */

/* Begin PBXResourcesBuildPhase section */
		5FFC2CB81FA086BF0019122F /* Resources */ = {
			isa = PBXResourcesBuildPhase;
			buildActionMask = 2147483647;
			files = (
				5FFC2CDC1FA087AD0019122F /* 01.png in Resources */,
				5FFC2CDA1FA087AD0019122F /* 03.png in Resources */,
				5FFC2CD81FA087AD0019122F /* 05.png in Resources */,
				5FFC2CC81FA086C00019122F /* LaunchScreen.storyboard in Resources */,
				5FFC2CDB1FA087AD0019122F /* 02.png in Resources */,
				5FFC2CC51FA086C00019122F /* Assets.xcassets in Resources */,
				5FFC2CD91FA087AD0019122F /* 04.png in Resources */,
				5FFC2CC31FA086C00019122F /* Main.storyboard in Resources */,
				5FFC2CD71FA087AD0019122F /* 06.png in Resources */,
			);
			runOnlyForDeploymentPostprocessing = 0;
		};
/* End PBXResourcesBuildPhase section */

/* Begin PBXSourcesBuildPhase section */
		5FFC2CB61FA086BF0019122F /* Sources */ = {
			isa = PBXSourcesBuildPhase;
			buildActionMask = 2147483647;
			files = (
				5FFC2CC01FA086C00019122F /* ViewController.swift in Sources */,
				5FFC2CBE1FA086C00019122F /* AppDelegate.swift in Sources */,
			);
			runOnlyForDeploymentPostprocessing = 0;
		};
/* End PBXSourcesBuildPhase section */

/* Begin PBXVariantGroup section */
		5FFC2CC11FA086C00019122F /* Main.storyboard */ = {
			isa = PBXVariantGroup;
			children = (
				5FFC2CC21FA086C00019122F /* Base */,
			);
			name = Main.storyboard;
			sourceTree = "<group>";
		};
		5FFC2CC61FA086C00019122F /* LaunchScreen.storyboard */ = {
			isa = PBXVariantGroup;
			children = (
				5FFC2CC71FA086C00019122F /* Base */,
			);
			name = LaunchScreen.storyboard;
			sourceTree = "<group>";
		};
/* End PBXVariantGroup section */

/* Begin XCBuildConfiguration section */
		5FFC2CCA1FA086C00019122F /* Debug */ = {
			isa = XCBuildConfiguration;
			buildSettings = {
				ALWAYS_SEARCH_USER_PATHS = NO;
				CLANG_ANALYZER_NONNULL = YES;
				CLANG_CXX_LANGUAGE_STANDARD = "gnu++0x";
				CLANG_CXX_LIBRARY = "libc++";
				CLANG_ENABLE_MODULES = YES;
				CLANG_ENABLE_OBJC_ARC = YES;
				CLANG_WARN_BOOL_CONVERSION = YES;
				CLANG_WARN_CONSTANT_CONVERSION = YES;
				CLANG_WARN_DIRECT_OBJC_ISA_USAGE = YES_ERROR;
				CLANG_WARN_DOCUMENTATION_COMMENTS = YES;
				CLANG_WARN_EMPTY_BODY = YES;
				CLANG_WARN_ENUM_CONVERSION = YES;
				CLANG_WARN_INFINITE_RECURSION = YES;
				CLANG_WARN_INT_CONVERSION = YES;
				CLANG_WARN_OBJC_ROOT_CLASS = YES_ERROR;
				CLANG_WARN_SUSPICIOUS_MOVES = YES;
				CLANG_WARN_UNREACHABLE_CODE = YES;
				CLANG_WARN__DUPLICATE_METHOD_MATCH = YES;
				"CODE_SIGN_IDENTITY[sdk=iphoneos*]" = "iPhone Developer";
				COPY_PHASE_STRIP = NO;
				DEBUG_INFORMATION_FORMAT = dwarf;
				ENABLE_STRICT_OBJC_MSGSEND = YES;
				ENABLE_TESTABILITY = YES;
				GCC_C_LANGUAGE_STANDARD = gnu99;
				GCC_DYNAMIC_NO_PIC = NO;
				GCC_NO_COMMON_BLOCKS = YES;
				GCC_OPTIMIZATION_LEVEL = 0;
				GCC_PREPROCESSOR_DEFINITIONS = (
					"DEBUG=1",
					"$(inherited)",
				);
				GCC_WARN_64_TO_32_BIT_CONVERSION = YES;
				GCC_WARN_ABOUT_RETURN_TYPE = YES_ERROR;
				GCC_WARN_UNDECLARED_SELECTOR = YES;
				GCC_WARN_UNINITIALIZED_AUTOS = YES_AGGRESSIVE;
				GCC_WARN_UNUSED_FUNCTION = YES;
				GCC_WARN_UNUSED_VARIABLE = YES;
				IPHONEOS_DEPLOYMENT_TARGET = 10.1;
				MTL_ENABLE_DEBUG_INFO = YES;
				ONLY_ACTIVE_ARCH = YES;
				SDKROOT = iphoneos;
				SWIFT_ACTIVE_COMPILATION_CONDITIONS = DEBUG;
				SWIFT_OPTIMIZATION_LEVEL = "-Onone";
			};
			name = Debug;
		};
		5FFC2CCB1FA086C00019122F /* Release */ = {
			isa = XCBuildConfiguration;
			buildSettings = {
				ALWAYS_SEARCH_USER_PATHS = NO;
				CLANG_ANALYZER_NONNULL = YES;
				CLANG_CXX_LANGUAGE_STANDARD = "gnu++0x";
				CLANG_CXX_LIBRARY = "libc++";
				CLANG_ENABLE_MODULES = YES;
				CLANG_ENABLE_OBJC_ARC = YES;
				CLANG_WARN_BOOL_CONVERSION = YES;
				CLANG_WARN_CONSTANT_CONVERSION = YES;
				CLANG_WARN_DIRECT_OBJC_ISA_USAGE = YES_ERROR;
				CLANG_WARN_DOCUMENTATION_COMMENTS = YES;
				CLANG_WARN_EMPTY_BODY = YES;
				CLANG_WARN_ENUM_CONVERSION = YES;
				CLANG_WARN_INFINITE_RECURSION = YES;
				CLANG_WARN_INT_CONVERSION = YES;
				CLANG_WARN_OBJC_ROOT_CLASS = YES_ERROR;
				CLANG_WARN_SUSPICIOUS_MOVES = YES;
				CLANG_WARN_UNREACHABLE_CODE = YES;
				CLANG_WARN__DUPLICATE_METHOD_MATCH = YES;
				"CODE_SIGN_IDENTITY[sdk=iphoneos*]" = "iPhone Developer";
				COPY_PHASE_STRIP = NO;
				DEBUG_INFORMATION_FORMAT = "dwarf-with-dsym";
				ENABLE_NS_ASSERTIONS = NO;
				ENABLE_STRICT_OBJC_MSGSEND = YES;
				GCC_C_LANGUAGE_STANDARD = gnu99;
				GCC_NO_COMMON_BLOCKS = YES;
				GCC_WARN_64_TO_32_BIT_CONVERSION = YES;
				GCC_WARN_ABOUT_RETURN_TYPE = YES_ERROR;
				GCC_WARN_UNDECLARED_SELECTOR = YES;
				GCC_WARN_UNINITIALIZED_AUTOS = YES_AGGRESSIVE;
				GCC_WARN_UNUSED_FUNCTION = YES;
				GCC_WARN_UNUSED_VARIABLE = YES;
				IPHONEOS_DEPLOYMENT_TARGET = 10.1;
				MTL_ENABLE_DEBUG_INFO = NO;
				SDKROOT = iphoneos;
				SWIFT_OPTIMIZATION_LEVEL = "-Owholemodule";
				VALIDATE_PRODUCT = YES;
			};
			name = Release;
		};
		5FFC2CCD1FA086C00019122F /* Debug */ = {
			isa = XCBuildConfiguration;
			buildSettings = {
				ASSETCATALOG_COMPILER_APPICON_NAME = AppIcon;
				INFOPLIST_FILE = PageControl/Info.plist;
				LD_RUNPATH_SEARCH_PATHS = "$(inherited) @executable_path/Frameworks";
				PRODUCT_BUNDLE_IDENTIFIER = inhatc.PageControl;
				PRODUCT_NAME = "$(TARGET_NAME)";
				SWIFT_VERSION = 3.0;
			};
			name = Debug;
		};
		5FFC2CCE1FA086C00019122F /* Release */ = {
			isa = XCBuildConfiguration;
			buildSettings = {
				ASSETCATALOG_COMPILER_APPICON_NAME = AppIcon;
				INFOPLIST_FILE = PageControl/Info.plist;
				LD_RUNPATH_SEARCH_PATHS = "$(inherited) @executable_path/Frameworks";
				PRODUCT_BUNDLE_IDENTIFIER = inhatc.PageControl;
				PRODUCT_NAME = "$(TARGET_NAME)";
				SWIFT_VERSION = 3.0;
			};
			name = Release;
		};
/* End XCBuildConfiguration section */

/* Begin XCConfigurationList section */
		5FFC2CB51FA086BF0019122F /* Build configuration list for PBXProject "PageControl" */ = {
			isa = XCConfigurationList;
			buildConfigurations = (
				5FFC2CCA1FA086C00019122F /* Debug */,
				5FFC2CCB1FA086C00019122F /* Release */,
			);
			defaultConfigurationIsVisible = 0;
			defaultConfigurationName = Release;
		};
		5FFC2CCC1FA086C00019122F /* Build configuration list for PBXNativeTarget "PageControl" */ = {
			isa = XCConfigurationList;
			buildConfigurations = (
				5FFC2CCD1FA086C00019122F /* Debug */,
				5FFC2CCE1FA086C00019122F /* Release */,
			);
			defaultConfigurationIsVisible = 0;
		};
/* End XCConfigurationList section */
	};
	rootObject = 5FFC2CB21FA086BF0019122F /* Project object */;
}
